
Microsoft Visual Studio Solution File, Format Version 12.00
# Visual Studio Version 17
VisualStudioVersion = 17.8.34330.188
MinimumVisualStudioVersion = 10.0.40219.1
Project("{FAE04EC0-301F-11D3-BF4B-00C04F79EFBC}") = "CareerCloud.Pocos", "CareerCloud.Pocos\CareerCloud.Pocos.csproj", "{D4F46519-CC70-4B16-9342-C1AA0694C3F4}"
EndProject
Project("{9A19103F-16F7-4668-BE54-9A1E7A4F7556}") = "CareerCloudCore.UnitTests.Assignment1", "CareerCloudCore.UnitTests.Assignment1\CareerCloudCore.UnitTests.Assignment1.csproj", "{28745F7F-DFC8-4280-95E9-C8575B7824A6}"
EndProject
Global
	GlobalSection(SolutionConfigurationPlatforms) = preSolution
		Debug|Any CPU = Debug|Any CPU
		Release|Any CPU = Release|Any CPU
	EndGlobalSection
	GlobalSection(ProjectConfigurationPlatforms) = postSolution
		{D4F46519-CC70-4B16-9342-C1AA0694C3F4}.Debug|Any CPU.ActiveCfg = Debug|Any CPU
		{D4F46519-CC70-4B16-9342-C1AA0694C3F4}.Debug|Any CPU.Build.0 = Debug|Any CPU
		{D4F46519-CC70-4B16-9342-C1AA0694C3F4}.Release|Any CPU.ActiveCfg = Release|Any CPU
		{D4F46519-CC70-4B16-9342-C1AA0694C3F4}.Release|Any CPU.Build.0 = Release|Any CPU
		{28745F7F-DFC8-4280-95E9-C8575B7824A6}.Debug|Any CPU.ActiveCfg = Debug|Any CPU
		{28745F7F-DFC8-4280-95E9-C8575B7824A6}.Debug|Any CPU.Build.0 = Debug|Any CPU
		{28745F7F-DFC8-4280-95E9-C8575B7824A6}.Release|Any CPU.ActiveCfg = Release|Any CPU
		{28745F7F-DFC8-4280-95E9-C8575B7824A6}.Release|Any CPU.Build.0 = Release|Any CPU
	EndGlobalSection
	GlobalSection(SolutionProperties) = preSolution
		HideSolutionNode = FALSE
	EndGlobalSection
	GlobalSection(ExtensibilityGlobals) = postSolution
		SolutionGuid = {DBA1EF84-C119-40E3-A02A-7F6E06AAA434}
	EndGlobalSection
EndGlobal
